// !$*UTF8*$!
{
	archiveVersion = 1;
	classes = {
	};
	objectVersion = 48;
	objects = {

/* Begin PBXBuildFile section */
		2E67C180DCAC8A526ED46611 /* libPods-BlockDemo.a in Frameworks */ = {isa = PBXBuildFile; fileRef = C45585AE700384468989FBCF /* libPods-BlockDemo.a */; };
		4D47A86A200507EA0014CE1F /* Student.m in Sources */ = {isa = PBXBuildFile; fileRef = 4D47A869200507EA0014CE1F /* Student.m */; };
		4D47A86D200637A40014CE1F /* EOCNetworkFetcher.m in Sources */ = {isa = PBXBuildFile; fileRef = 4D47A86C200637A40014CE1F /* EOCNetworkFetcher.m */; };
		4D47A870200639700014CE1F /* EOCClass.m in Sources */ = {isa = PBXBuildFile; fileRef = 4D47A86F200639700014CE1F /* EOCClass.m */; };
		4DE47DEF1FF3EBA700C70BFA /* AppDelegate.m in Sources */ = {isa = PBXBuildFile; fileRef = 4DE47DEE1FF3EBA700C70BFA /* AppDelegate.m */; };
		4DE47DF21FF3EBA700C70BFA /* ViewController.m in Sources */ = {isa = PBXBuildFile; fileRef = 4DE47DF11FF3EBA700C70BFA /* ViewController.m */; };
		4DE47DF51FF3EBA700C70BFA /* Main.storyboard in Resources */ = {isa = PBXBuildFile; fileRef = 4DE47DF31FF3EBA700C70BFA /* Main.storyboard */; };
		4DE47DF71FF3EBA700C70BFA /* Assets.xcassets in Resources */ = {isa = PBXBuildFile; fileRef = 4DE47DF61FF3EBA700C70BFA /* Assets.xcassets */; };
		4DE47DFA1FF3EBA700C70BFA /* LaunchScreen.storyboard in Resources */ = {isa = PBXBuildFile; fileRef = 4DE47DF81FF3EBA700C70BFA /* LaunchScreen.storyboard */; };
		4DE47DFD1FF3EBA700C70BFA /* main.m in Sources */ = {isa = PBXBuildFile; fileRef = 4DE47DFC1FF3EBA700C70BFA /* main.m */; };
		4DE47E071FF3EBA800C70BFA /* BlockDemoTests.m in Sources */ = {isa = PBXBuildFile; fileRef = 4DE47E061FF3EBA800C70BFA /* BlockDemoTests.m */; };
		4DE47E121FF3EBA800C70BFA /* BlockDemoUITests.m in Sources */ = {isa = PBXBuildFile; fileRef = 4DE47E111FF3EBA800C70BFA /* BlockDemoUITests.m */; };
		4DE47E211FF8A3A900C70BFA /* BlockViewController.m in Sources */ = {isa = PBXBuildFile; fileRef = 4DE47E201FF8A3A900C70BFA /* BlockViewController.m */; };
/* End PBXBuildFile section */

/* Begin PBXContainerItemProxy section */
		4DE47E031FF3EBA800C70BFA /* PBXContainerItemProxy */ = {
			isa = PBXContainerItemProxy;
			containerPortal = 4DE47DE21FF3EBA700C70BFA /* Project object */;
			proxyType = 1;
			remoteGlobalIDString = 4DE47DE91FF3EBA700C70BFA;
			remoteInfo = BlockDemo;
		};
		4DE47E0E1FF3EBA800C70BFA /* PBXContainerItemProxy */ = {
			isa = PBXContainerItemProxy;
			containerPortal = 4DE47DE21FF3EBA700C70BFA /* Project object */;
			proxyType = 1;
			remoteGlobalIDString = 4DE47DE91FF3EBA700C70BFA;
			remoteInfo = BlockDemo;
		};
/* End PBXContainerItemProxy section */

/* Begin PBXFileReference section */
		4D47A868200507EA0014CE1F /* Student.h */ = {isa = PBXFileReference; lastKnownFileType = sourcecode.c.h; path = Student.h; sourceTree = "<group>"; };
		4D47A869200507EA0014CE1F /* Student.m */ = {isa = PBXFileReference; lastKnownFileType = sourcecode.c.objc; path = Student.m; sourceTree = "<group>"; };
		4D47A86B200637A40014CE1F /* EOCNetworkFetcher.h */ = {isa = PBXFileReference; lastKnownFileType = sourcecode.c.h; path = EOCNetworkFetcher.h; sourceTree = "<group>"; };
		4D47A86C200637A40014CE1F /* EOCNetworkFetcher.m */ = {isa = PBXFileReference; lastKnownFileType = sourcecode.c.objc; path = EOCNetworkFetcher.m; sourceTree = "<group>"; };
		4D47A86E200639700014CE1F /* EOCClass.h */ = {isa = PBXFileReference; lastKnownFileType = sourcecode.c.h; path = EOCClass.h; sourceTree = "<group>"; };
		4D47A86F200639700014CE1F /* EOCClass.m */ = {isa = PBXFileReference; lastKnownFileType = sourcecode.c.objc; path = EOCClass.m; sourceTree = "<group>"; };
		4DE47DEA1FF3EBA700C70BFA /* BlockDemo.app */ = {isa = PBXFileReference; explicitFileType = wrapper.application; includeInIndex = 0; path = BlockDemo.app; sourceTree = BUILT_PRODUCTS_DIR; };
		4DE47DED1FF3EBA700C70BFA /* AppDelegate.h */ = {isa = PBXFileReference; lastKnownFileType = sourcecode.c.h; path = AppDelegate.h; sourceTree = "<group>"; };
		4DE47DEE1FF3EBA700C70BFA /* AppDelegate.m */ = {isa = PBXFileReference; lastKnownFileType = sourcecode.c.objc; path = AppDelegate.m; sourceTree = "<group>"; };
		4DE47DF01FF3EBA700C70BFA /* ViewController.h */ = {isa = PBXFileReference; lastKnownFileType = sourcecode.c.h; path = ViewController.h; sourceTree = "<group>"; };
		4DE47DF11FF3EBA700C70BFA /* ViewController.m */ = {isa = PBXFileReference; lastKnownFileType = sourcecode.c.objc; path = ViewController.m; sourceTree = "<group>"; };
		4DE47DF41FF3EBA700C70BFA /* Base */ = {isa = PBXFileReference; lastKnownFileType = file.storyboard; name = Base; path = Base.lproj/Main.storyboard; sourceTree = "<group>"; };
		4DE47DF61FF3EBA700C70BFA /* Assets.xcassets */ = {isa = PBXFileReference; lastKnownFileType = folder.assetcatalog; path = Assets.xcassets; sourceTree = "<group>"; };
		4DE47DF91FF3EBA700C70BFA /* Base */ = {isa = PBXFileReference; lastKnownFileType = file.storyboard; name = Base; path = Base.lproj/LaunchScreen.storyboard; sourceTree = "<group>"; };
		4DE47DFB1FF3EBA700C70BFA /* Info.plist */ = {isa = PBXFileReference; lastKnownFileType = text.plist.xml; path = Info.plist; sourceTree = "<group>"; };
		4DE47DFC1FF3EBA700C70BFA /* main.m */ = {isa = PBXFileReference; lastKnownFileType = sourcecode.c.objc; path = main.m; sourceTree = "<group>"; };
		4DE47E021FF3EBA800C70BFA /* BlockDemoTests.xctest */ = {isa = PBXFileReference; explicitFileType = wrapper.cfbundle; includeInIndex = 0; path = BlockDemoTests.xctest; sourceTree = BUILT_PRODUCTS_DIR; };
		4DE47E061FF3EBA800C70BFA /* BlockDemoTests.m */ = {isa = PBXFileReference; lastKnownFileType = sourcecode.c.objc; path = BlockDemoTests.m; sourceTree = "<group>"; };
		4DE47E081FF3EBA800C70BFA /* Info.plist */ = {isa = PBXFileReference; lastKnownFileType = text.plist.xml; path = Info.plist; sourceTree = "<group>"; };
		4DE47E0D1FF3EBA800C70BFA /* BlockDemoUITests.xctest */ = {isa = PBXFileReference; explicitFileType = wrapper.cfbundle; includeInIndex = 0; path = BlockDemoUITests.xctest; sourceTree = BUILT_PRODUCTS_DIR; };
		4DE47E111FF3EBA800C70BFA /* BlockDemoUITests.m */ = {isa = PBXFileReference; lastKnownFileType = sourcecode.c.objc; path = BlockDemoUITests.m; sourceTree = "<group>"; };
		4DE47E131FF3EBA800C70BFA /* Info.plist */ = {isa = PBXFileReference; lastKnownFileType = text.plist.xml; path = Info.plist; sourceTree = "<group>"; };
		4DE47E1F1FF8A3A900C70BFA /* BlockViewController.h */ = {isa = PBXFileReference; lastKnownFileType = sourcecode.c.h; path = BlockViewController.h; sourceTree = "<group>"; };
		4DE47E201FF8A3A900C70BFA /* BlockViewController.m */ = {isa = PBXFileReference; lastKnownFileType = sourcecode.c.objc; path = BlockViewController.m; sourceTree = "<group>"; };
		6C4397E31FB4FA4B0FA15ACF /* Pods-BlockDemo.release.xcconfig */ = {isa = PBXFileReference; includeInIndex = 1; lastKnownFileType = text.xcconfig; name = "Pods-BlockDemo.release.xcconfig"; path = "Pods/Target Support Files/Pods-BlockDemo/Pods-BlockDemo.release.xcconfig"; sourceTree = "<group>"; };
		B0775A08047DE342C21AC9EB /* Pods-BlockDemo.debug.xcconfig */ = {isa = PBXFileReference; includeInIndex = 1; lastKnownFileType = text.xcconfig; name = "Pods-BlockDemo.debug.xcconfig"; path = "Pods/Target Support Files/Pods-BlockDemo/Pods-BlockDemo.debug.xcconfig"; sourceTree = "<group>"; };
		C45585AE700384468989FBCF /* libPods-BlockDemo.a */ = {isa = PBXFileReference; explicitFileType = archive.ar; includeInIndex = 0; path = "libPods-BlockDemo.a"; sourceTree = BUILT_PRODUCTS_DIR; };
/* End PBXFileReference section */

/* Begin PBXFrameworksBuildPhase section */
		4DE47DE71FF3EBA700C70BFA /* Frameworks */ = {
			isa = PBXFrameworksBuildPhase;
			buildActionMask = 2147483647;
			files = (
				2E67C180DCAC8A526ED46611 /* libPods-BlockDemo.a in Frameworks */,
			);
			runOnlyForDeploymentPostprocessing = 0;
		};
		4DE47DFF1FF3EBA800C70BFA /* Frameworks */ = {
			isa = PBXFrameworksBuildPhase;
			buildActionMask = 2147483647;
			files = (
			);
			runOnlyForDeploymentPostprocessing = 0;
		};
		4DE47E0A1FF3EBA800C70BFA /* Frameworks */ = {
			isa = PBXFrameworksBuildPhase;
			buildActionMask = 2147483647;
			files = (
			);
			runOnlyForDeploymentPostprocessing = 0;
		};
/* End PBXFrameworksBuildPhase section */

/* Begin PBXGroup section */
		356D01EABB8F1B62FDDFFDBB /* Pods */ = {
			isa = PBXGroup;
			children = (
				B0775A08047DE342C21AC9EB /* Pods-BlockDemo.debug.xcconfig */,
				6C4397E31FB4FA4B0FA15ACF /* Pods-BlockDemo.release.xcconfig */,
			);
			name = Pods;
			sourceTree = "<group>";
		};
		4DE47DE11FF3EBA700C70BFA = {
			isa = PBXGroup;
			children = (
				4DE47DEC1FF3EBA700C70BFA /* BlockDemo */,
				4DE47E051FF3EBA800C70BFA /* BlockDemoTests */,
				4DE47E101FF3EBA800C70BFA /* BlockDemoUITests */,
				4DE47DEB1FF3EBA700C70BFA /* Products */,
				356D01EABB8F1B62FDDFFDBB /* Pods */,
				E0BEB8784860B3AC42E260FF /* Frameworks */,
			);
			sourceTree = "<group>";
		};
		4DE47DEB1FF3EBA700C70BFA /* Products */ = {
			isa = PBXGroup;
			children = (
				4DE47DEA1FF3EBA700C70BFA /* BlockDemo.app */,
				4DE47E021FF3EBA800C70BFA /* BlockDemoTests.xctest */,
				4DE47E0D1FF3EBA800C70BFA /* BlockDemoUITests.xctest */,
			);
			name = Products;
			sourceTree = "<group>";
		};
		4DE47DEC1FF3EBA700C70BFA /* BlockDemo */ = {
			isa = PBXGroup;
			children = (
				4DE47DED1FF3EBA700C70BFA /* AppDelegate.h */,
				4DE47DEE1FF3EBA700C70BFA /* AppDelegate.m */,
				4DE47DF01FF3EBA700C70BFA /* ViewController.h */,
				4DE47DF11FF3EBA700C70BFA /* ViewController.m */,
				4DE47E1F1FF8A3A900C70BFA /* BlockViewController.h */,
				4DE47E201FF8A3A900C70BFA /* BlockViewController.m */,
				4D47A86E200639700014CE1F /* EOCClass.h */,
				4D47A86F200639700014CE1F /* EOCClass.m */,
				4D47A86B200637A40014CE1F /* EOCNetworkFetcher.h */,
				4D47A86C200637A40014CE1F /* EOCNetworkFetcher.m */,
				4D47A868200507EA0014CE1F /* Student.h */,
				4D47A869200507EA0014CE1F /* Student.m */,
				4DE47DF31FF3EBA700C70BFA /* Main.storyboard */,
				4DE47DF61FF3EBA700C70BFA /* Assets.xcassets */,
				4DE47DF81FF3EBA700C70BFA /* LaunchScreen.storyboard */,
				4DE47DFB1FF3EBA700C70BFA /* Info.plist */,
				4DE47DFC1FF3EBA700C70BFA /* main.m */,
			);
			path = BlockDemo;
			sourceTree = "<group>";
		};
		4DE47E051FF3EBA800C70BFA /* BlockDemoTests */ = {
			isa = PBXGroup;
			children = (
				4DE47E061FF3EBA800C70BFA /* BlockDemoTests.m */,
				4DE47E081FF3EBA800C70BFA /* Info.plist */,
			);
			path = BlockDemoTests;
			sourceTree = "<group>";
		};
		4DE47E101FF3EBA800C70BFA /* BlockDemoUITests */ = {
			isa = PBXGroup;
			children = (
				4DE47E111FF3EBA800C70BFA /* BlockDemoUITests.m */,
				4DE47E131FF3EBA800C70BFA /* Info.plist */,
			);
			path = BlockDemoUITests;
			sourceTree = "<group>";
		};
		E0BEB8784860B3AC42E260FF /* Frameworks */ = {
			isa = PBXGroup;
			children = (
				C45585AE700384468989FBCF /* libPods-BlockDemo.a */,
			);
			name = Frameworks;
			sourceTree = "<group>";
		};
/* End PBXGroup section */

/* Begin PBXNativeTarget section */
		4DE47DE91FF3EBA700C70BFA /* BlockDemo */ = {
			isa = PBXNativeTarget;
			buildConfigurationList = 4DE47E161FF3EBA800C70BFA /* Build configuration list for PBXNativeTarget "BlockDemo" */;
			buildPhases = (
				003E14318C298CB6E39E874B /* [CP] Check Pods Manifest.lock */,
				4DE47DE61FF3EBA700C70BFA /* Sources */,
				4DE47DE71FF3EBA700C70BFA /* Frameworks */,
				4DE47DE81FF3EBA700C70BFA /* Resources */,
				E278E41E0AF225FEE39F016A /* [CP] Embed Pods Frameworks */,
				D764713D17F351E3661D29BE /* [CP] Copy Pods Resources */,
			);
			buildRules = (
			);
			dependencies = (
			);
			name = BlockDemo;
			productName = BlockDemo;
			productReference = 4DE47DEA1FF3EBA700C70BFA /* BlockDemo.app */;
			productType = "com.apple.product-type.application";
		};
		4DE47E011FF3EBA800C70BFA /* BlockDemoTests */ = {
			isa = PBXNativeTarget;
			buildConfigurationList = 4DE47E191FF3EBA800C70BFA /* Build configuration list for PBXNativeTarget "BlockDemoTests" */;
			buildPhases = (
				4DE47DFE1FF3EBA800C70BFA /* Sources */,
				4DE47DFF1FF3EBA800C70BFA /* Frameworks */,
				4DE47E001FF3EBA800C70BFA /* Resources */,
			);
			buildRules = (
			);
			dependencies = (
				4DE47E041FF3EBA800C70BFA /* PBXTargetDependency */,
			);
			name = BlockDemoTests;
			productName = BlockDemoTests;
			productReference = 4DE47E021FF3EBA800C70BFA /* BlockDemoTests.xctest */;
			productType = "com.apple.product-type.bundle.unit-test";
		};
		4DE47E0C1FF3EBA800C70BFA /* BlockDemoUITests */ = {
			isa = PBXNativeTarget;
			buildConfigurationList = 4DE47E1C1FF3EBA800C70BFA /* Build configuration list for PBXNativeTarget "BlockDemoUITests" */;
			buildPhases = (
				4DE47E091FF3EBA800C70BFA /* Sources */,
				4DE47E0A1FF3EBA800C70BFA /* Frameworks */,
				4DE47E0B1FF3EBA800C70BFA /* Resources */,
			);
			buildRules = (
			);
			dependencies = (
				4DE47E0F1FF3EBA800C70BFA /* PBXTargetDependency */,
			);
			name = BlockDemoUITests;
			productName = BlockDemoUITests;
			productReference = 4DE47E0D1FF3EBA800C70BFA /* BlockDemoUITests.xctest */;
			productType = "com.apple.product-type.bundle.ui-testing";
		};
/* End PBXNativeTarget section */

/* Begin PBXProject section */
		4DE47DE21FF3EBA700C70BFA /* Project object */ = {
			isa = PBXProject;
			attributes = {
				LastUpgradeCheck = 0920;
				ORGANIZATIONNAME = YL;
				TargetAttributes = {
					4DE47DE91FF3EBA700C70BFA = {
						CreatedOnToolsVersion = 9.2;
						ProvisioningStyle = Automatic;
					};
					4DE47E011FF3EBA800C70BFA = {
						CreatedOnToolsVersion = 9.2;
						ProvisioningStyle = Automatic;
						TestTargetID = 4DE47DE91FF3EBA700C70BFA;
					};
					4DE47E0C1FF3EBA800C70BFA = {
						CreatedOnToolsVersion = 9.2;
						ProvisioningStyle = Automatic;
						TestTargetID = 4DE47DE91FF3EBA700C70BFA;
					};
				};
			};
			buildConfigurationList = 4DE47DE51FF3EBA700C70BFA /* Build configuration list for PBXProject "BlockDemo" */;
			compatibilityVersion = "Xcode 8.0";
			developmentRegion = en;
			hasScannedForEncodings = 0;
			knownRegions = (
				en,
				Base,
			);
			mainGroup = 4DE47DE11FF3EBA700C70BFA;
			productRefGroup = 4DE47DEB1FF3EBA700C70BFA /* Products */;
			projectDirPath = "";
			projectRoot = "";
			targets = (
				4DE47DE91FF3EBA700C70BFA /* BlockDemo */,
				4DE47E011FF3EBA800C70BFA /* BlockDemoTests */,
				4DE47E0C1FF3EBA800C70BFA /* BlockDemoUITests */,
			);
		};
/* End PBXProject section */

/* Begin PBXResourcesBuildPhase section */
		4DE47DE81FF3EBA700C70BFA /* Resources */ = {
			isa = PBXResourcesBuildPhase;
			buildActionMask = 2147483647;
			files = (
				4DE47DFA1FF3EBA700C70BFA /* LaunchScreen.storyboard in Resources */,
				4DE47DF71FF3EBA700C70BFA /* Assets.xcassets in Resources */,
				4DE47DF51FF3EBA700C70BFA /* Main.storyboard in Resources */,
			);
			runOnlyForDeploymentPostprocessing = 0;
		};
		4DE47E001FF3EBA800C70BFA /* Resources */ = {
			isa = PBXResourcesBuildPhase;
			buildActionMask = 2147483647;
			files = (
			);
			runOnlyForDeploymentPostprocessing = 0;
		};
		4DE47E0B1FF3EBA800C70BFA /* Resources */ = {
			isa = PBXResourcesBuildPhase;
			buildActionMask = 2147483647;
			files = (
			);
			runOnlyForDeploymentPostprocessing = 0;
		};
/* End PBXResourcesBuildPhase section */

/* Begin PBXShellScriptBuildPhase section */
		003E14318C298CB6E39E874B /* [CP] Check Pods Manifest.lock */ = {
			isa = PBXShellScriptBuildPhase;
			buildActionMask = 2147483647;
			files = (
			);
			inputPaths = (
				"${PODS_PODFILE_DIR_PATH}/Podfile.lock",
				"${PODS_ROOT}/Manifest.lock",
			);
			name = "[CP] Check Pods Manifest.lock";
			outputPaths = (
				"$(DERIVED_FILE_DIR)/Pods-BlockDemo-checkManifestLockResult.txt",
			);
			runOnlyForDeploymentPostprocessing = 0;
			shellPath = /bin/sh;
			shellScript = "diff \"${PODS_PODFILE_DIR_PATH}/Podfile.lock\" \"${PODS_ROOT}/Manifest.lock\" > /dev/null\nif [ $? != 0 ] ; then\n    # print error to STDERR\n    echo \"error: The sandbox is not in sync with the Podfile.lock. Run 'pod install' or update your CocoaPods installation.\" >&2\n    exit 1\nfi\n# This output is used by Xcode 'outputs' to avoid re-running this script phase.\necho \"SUCCESS\" > \"${SCRIPT_OUTPUT_FILE_0}\"\n";
			showEnvVarsInLog = 0;
		};
		D764713D17F351E3661D29BE /* [CP] Copy Pods Resources */ = {
			isa = PBXShellScriptBuildPhase;
			buildActionMask = 2147483647;
			files = (
			);
			inputPaths = (
			);
			name = "[CP] Copy Pods Resources";
			outputPaths = (
			);
			runOnlyForDeploymentPostprocessing = 0;
			shellPath = /bin/sh;
			shellScript = "\"${SRCROOT}/Pods/Target Support Files/Pods-BlockDemo/Pods-BlockDemo-resources.sh\"\n";
			showEnvVarsInLog = 0;
		};
		E278E41E0AF225FEE39F016A /* [CP] Embed Pods Frameworks */ = {
			isa = PBXShellScriptBuildPhase;
			buildActionMask = 2147483647;
			files = (
			);
			inputPaths = (
			);
			name = "[CP] Embed Pods Frameworks";
			outputPaths = (
			);
			runOnlyForDeploymentPostprocessing = 0;
			shellPath = /bin/sh;
			shellScript = "\"${SRCROOT}/Pods/Target Support Files/Pods-BlockDemo/Pods-BlockDemo-frameworks.sh\"\n";
			showEnvVarsInLog = 0;
		};
/* End PBXShellScriptBuildPhase section */

/* Begin PBXSourcesBuildPhase section */
		4DE47DE61FF3EBA700C70BFA /* Sources */ = {
			isa = PBXSourcesBuildPhase;
			buildActionMask = 2147483647;
			files = (
				4D47A870200639700014CE1F /* EOCClass.m in Sources */,
				4DE47DF21FF3EBA700C70BFA /* ViewController.m in Sources */,
				4DE47DFD1FF3EBA700C70BFA /* main.m in Sources */,
				4D47A86A200507EA0014CE1F /* Student.m in Sources */,
				4DE47E211FF8A3A900C70BFA /* BlockViewController.m in Sources */,
				4D47A86D200637A40014CE1F /* EOCNetworkFetcher.m in Sources */,
				4DE47DEF1FF3EBA700C70BFA /* AppDelegate.m in Sources */,
			);
			runOnlyForDeploymentPostprocessing = 0;
		};
		4DE47DFE1FF3EBA800C70BFA /* Sources */ = {
			isa = PBXSourcesBuildPhase;
			buildActionMask = 2147483647;
			files = (
				4DE47E071FF3EBA800C70BFA /* BlockDemoTests.m in Sources */,
			);
			runOnlyForDeploymentPostprocessing = 0;
		};
		4DE47E091FF3EBA800C70BFA /* Sources */ = {
			isa = PBXSourcesBuildPhase;
			buildActionMask = 2147483647;
			files = (
				4DE47E121FF3EBA800C70BFA /* BlockDemoUITests.m in Sources */,
			);
			runOnlyForDeploymentPostprocessing = 0;
		};
/* End PBXSourcesBuildPhase section */

/* Begin PBXTargetDependency section */
		4DE47E041FF3EBA800C70BFA /* PBXTargetDependency */ = {
			isa = PBXTargetDependency;
			target = 4DE47DE91FF3EBA700C70BFA /* BlockDemo */;
			targetProxy = 4DE47E031FF3EBA800C70BFA /* PBXContainerItemProxy */;
		};
		4DE47E0F1FF3EBA800C70BFA /* PBXTargetDependency */ = {
			isa = PBXTargetDependency;
			target = 4DE47DE91FF3EBA700C70BFA /* BlockDemo */;
			targetProxy = 4DE47E0E1FF3EBA800C70BFA /* PBXContainerItemProxy */;
		};
/* End PBXTargetDependency section */

/* Begin PBXVariantGroup section */
		4DE47DF31FF3EBA700C70BFA /* Main.storyboard */ = {
			isa = PBXVariantGroup;
			children = (
				4DE47DF41FF3EBA700C70BFA /* Base */,
			);
			name = Main.storyboard;
			sourceTree = "<group>";
		};
		4DE47DF81FF3EBA700C70BFA /* LaunchScreen.storyboard */ = {
			isa = PBXVariantGroup;
			children = (
				4DE47DF91FF3EBA700C70BFA /* Base */,
			);
			name = LaunchScreen.storyboard;
			sourceTree = "<group>";
		};
/* End PBXVariantGroup section */

/* Begin XCBuildConfiguration section */
		4DE47E141FF3EBA800C70BFA /* Debug */ = {
			isa = XCBuildConfiguration;
			buildSettings = {
				ALWAYS_SEARCH_USER_PATHS = NO;
				CLANG_ANALYZER_NONNULL = YES;
				CLANG_ANALYZER_NUMBER_OBJECT_CONVERSION = YES_AGGRESSIVE;
				CLANG_CXX_LANGUAGE_STANDARD = "gnu++14";
				CLANG_CXX_LIBRARY = "libc++";
				CLANG_ENABLE_MODULES = YES;
				CLANG_ENABLE_OBJC_ARC = YES;
				CLANG_WARN_BLOCK_CAPTURE_AUTORELEASING = YES;
				CLANG_WARN_BOOL_CONVERSION = YES;
				CLANG_WARN_COMMA = YES;
				CLANG_WARN_CONSTANT_CONVERSION = YES;
				CLANG_WARN_DIRECT_OBJC_ISA_USAGE = YES_ERROR;
				CLANG_WARN_DOCUMENTATION_COMMENTS = YES;
				CLANG_WARN_EMPTY_BODY = YES;
				CLANG_WARN_ENUM_CONVERSION = YES;
				CLANG_WARN_INFINITE_RECURSION = YES;
				CLANG_WARN_INT_CONVERSION = YES;
				CLANG_WARN_NON_LITERAL_NULL_CONVERSION = YES;
				CLANG_WARN_OBJC_LITERAL_CONVERSION = YES;
				CLANG_WARN_OBJC_ROOT_CLASS = YES_ERROR;
				CLANG_WARN_RANGE_LOOP_ANALYSIS = YES;
				CLANG_WARN_STRICT_PROTOTYPES = YES;
				CLANG_WARN_SUSPICIOUS_MOVE = YES;
				CLANG_WARN_UNGUARDED_AVAILABILITY = YES_AGGRESSIVE;
				CLANG_WARN_UNREACHABLE_CODE = YES;
				CLANG_WARN__DUPLICATE_METHOD_MATCH = YES;
				CODE_SIGN_IDENTITY = "iPhone Developer";
				COPY_PHASE_STRIP = NO;
				DEBUG_INFORMATION_FORMAT = dwarf;
				ENABLE_STRICT_OBJC_MSGSEND = YES;
				ENABLE_TESTABILITY = YES;
				GCC_C_LANGUAGE_STANDARD = gnu11;
				GCC_DYNAMIC_NO_PIC = NO;
				GCC_NO_COMMON_BLOCKS = YES;
				GCC_OPTIMIZATION_LEVEL = 0;
				GCC_PREPROCESSOR_DEFINITIONS = (
					"DEBUG=1",
					"$(inherited)",
				);
				GCC_WARN_64_TO_32_BIT_CONVERSION = YES;
				GCC_WARN_ABOUT_RETURN_TYPE = YES_ERROR;
				GCC_WARN_UNDECLARED_SELECTOR = YES;
				GCC_WARN_UNINITIALIZED_AUTOS = YES_AGGRESSIVE;
				GCC_WARN_UNUSED_FUNCTION = YES;
				GCC_WARN_UNUSED_VARIABLE = YES;
				IPHONEOS_DEPLOYMENT_TARGET = 11.2;
				MTL_ENABLE_DEBUG_INFO = YES;
				ONLY_ACTIVE_ARCH = YES;
				SDKROOT = iphoneos;
			};
			name = Debug;
		};
		4DE47E151FF3EBA800C70BFA /* Release */ = {
			isa = XCBuildConfiguration;
			buildSettings = {
				ALWAYS_SEARCH_USER_PATHS = NO;
				CLANG_ANALYZER_NONNULL = YES;
				CLANG_ANALYZER_NUMBER_OBJECT_CONVERSION = YES_AGGRESSIVE;
				CLANG_CXX_LANGUAGE_STANDARD = "gnu++14";
				CLANG_CXX_LIBRARY = "libc++";
				CLANG_ENABLE_MODULES = YES;
				CLANG_ENABLE_OBJC_ARC = YES;
				CLANG_WARN_BLOCK_CAPTURE_AUTORELEASING = YES;
				CLANG_WARN_BOOL_CONVERSION = YES;
				CLANG_WARN_COMMA = YES;
				CLANG_WARN_CONSTANT_CONVERSION = YES;
				CLANG_WARN_DIRECT_OBJC_ISA_USAGE = YES_ERROR;
				CLANG_WARN_DOCUMENTATION_COMMENTS = YES;
				CLANG_WARN_EMPTY_BODY = YES;
				CLANG_WARN_ENUM_CONVERSION = YES;
				CLANG_WARN_INFINITE_RECURSION = YES;
				CLANG_WARN_INT_CONVERSION = YES;
				CLANG_WARN_NON_LITERAL_NULL_CONVERSION = YES;
				CLANG_WARN_OBJC_LITERAL_CONVERSION = YES;
				CLANG_WARN_OBJC_ROOT_CLASS = YES_ERROR;
				CLANG_WARN_RANGE_LOOP_ANALYSIS = YES;
				CLANG_WARN_STRICT_PROTOTYPES = YES;
				CLANG_WARN_SUSPICIOUS_MOVE = YES;
				CLANG_WARN_UNGUARDED_AVAILABILITY = YES_AGGRESSIVE;
				CLANG_WARN_UNREACHABLE_CODE = YES;
				CLANG_WARN__DUPLICATE_METHOD_MATCH = YES;
				CODE_SIGN_IDENTITY = "iPhone Developer";
				COPY_PHASE_STRIP = NO;
				DEBUG_INFORMATION_FORMAT = "dwarf-with-dsym";
				ENABLE_NS_ASSERTIONS = NO;
				ENABLE_STRICT_OBJC_MSGSEND = YES;
				GCC_C_LANGUAGE_STANDARD = gnu11;
				GCC_NO_COMMON_BLOCKS = YES;
				GCC_WARN_64_TO_32_BIT_CONVERSION = YES;
				GCC_WARN_ABOUT_RETURN_TYPE = YES_ERROR;
				GCC_WARN_UNDECLARED_SELECTOR = YES;
				GCC_WARN_UNINITIALIZED_AUTOS = YES_AGGRESSIVE;
				GCC_WARN_UNUSED_FUNCTION = YES;
				GCC_WARN_UNUSED_VARIABLE = YES;
				IPHONEOS_DEPLOYMENT_TARGET = 11.2;
				MTL_ENABLE_DEBUG_INFO = NO;
				SDKROOT = iphoneos;
				VALIDATE_PRODUCT = YES;
			};
			name = Release;
		};
		4DE47E171FF3EBA800C70BFA /* Debug */ = {
			isa = XCBuildConfiguration;
			baseConfigurationReference = B0775A08047DE342C21AC9EB /* Pods-BlockDemo.debug.xcconfig */;
			buildSettings = {
				ASSETCATALOG_COMPILER_APPICON_NAME = AppIcon;
				CODE_SIGN_STYLE = Automatic;
				DEVELOPMENT_TEAM = 6A8JZ6ZCRC;
				INFOPLIST_FILE = BlockDemo/Info.plist;
				IPHONEOS_DEPLOYMENT_TARGET = 8.0;
				LD_RUNPATH_SEARCH_PATHS = "$(inherited) @executable_path/Frameworks";
				PRODUCT_BUNDLE_IDENTIFIER = com.YL.BlockDemo;
				PRODUCT_NAME = "$(TARGET_NAME)";
				TARGETED_DEVICE_FAMILY = "1,2";
			};
			name = Debug;
		};
		4DE47E181FF3EBA800C70BFA /* Release */ = {
			isa = XCBuildConfiguration;
			baseConfigurationReference = 6C4397E31FB4FA4B0FA15ACF /* Pods-BlockDemo.release.xcconfig */;
			buildSettings = {
				ASSETCATALOG_COMPILER_APPICON_NAME = AppIcon;
				CODE_SIGN_STYLE = Automatic;
				DEVELOPMENT_TEAM = 6A8JZ6ZCRC;
				INFOPLIST_FILE = BlockDemo/Info.plist;
				IPHONEOS_DEPLOYMENT_TARGET = 8.0;
				LD_RUNPATH_SEARCH_PATHS = "$(inherited) @executable_path/Frameworks";
				PRODUCT_BUNDLE_IDENTIFIER = com.YL.BlockDemo;
				PRODUCT_NAME = "$(TARGET_NAME)";
				TARGETED_DEVICE_FAMILY = "1,2";
			};
			name = Release;
		};
		4DE47E1A1FF3EBA800C70BFA /* Debug */ = {
			isa = XCBuildConfiguration;
			buildSettings = {
				BUNDLE_LOADER = "$(TEST_HOST)";
				CODE_SIGN_STYLE = Automatic;
				INFOPLIST_FILE = BlockDemoTests/Info.plist;
				LD_RUNPATH_SEARCH_PATHS = "$(inherited) @executable_path/Frameworks @loader_path/Frameworks";
				PRODUCT_BUNDLE_IDENTIFIER = com.YL.BlockDemoTests;
				PRODUCT_NAME = "$(TARGET_NAME)";
				TARGETED_DEVICE_FAMILY = "1,2";
				TEST_HOST = "$(BUILT_PRODUCTS_DIR)/BlockDemo.app/BlockDemo";
			};
			name = Debug;
		};
		4DE47E1B1FF3EBA800C70BFA /* Release */ = {
			isa = XCBuildConfiguration;
			buildSettings = {
				BUNDLE_LOADER = "$(TEST_HOST)";
				CODE_SIGN_STYLE = Automatic;
				INFOPLIST_FILE = BlockDemoTests/Info.plist;
				LD_RUNPATH_SEARCH_PATHS = "$(inherited) @executable_path/Frameworks @loader_path/Frameworks";
				PRODUCT_BUNDLE_IDENTIFIER = com.YL.BlockDemoTests;
				PRODUCT_NAME = "$(TARGET_NAME)";
				TARGETED_DEVICE_FAMILY = "1,2";
				TEST_HOST = "$(BUILT_PRODUCTS_DIR)/BlockDemo.app/BlockDemo";
			};
			name = Release;
		};
		4DE47E1D1FF3EBA800C70BFA /* Debug */ = {
			isa = XCBuildConfiguration;
			buildSettings = {
				CODE_SIGN_STYLE = Automatic;
				INFOPLIST_FILE = BlockDemoUITests/Info.plist;
				LD_RUNPATH_SEARCH_PATHS = "$(inherited) @executable_path/Frameworks @loader_path/Frameworks";
				PRODUCT_BUNDLE_IDENTIFIER = com.YL.BlockDemoUITests;
				PRODUCT_NAME = "$(TARGET_NAME)";
				TARGETED_DEVICE_FAMILY = "1,2";
				TEST_TARGET_NAME = BlockDemo;
			};
			name = Debug;
		};
		4DE47E1E1FF3EBA800C70BFA /* Release */ = {
			isa = XCBuildConfiguration;
			buildSettings = {
				CODE_SIGN_STYLE = Automatic;
				INFOPLIST_FILE = BlockDemoUITests/Info.plist;
				LD_RUNPATH_SEARCH_PATHS = "$(inherited) @executable_path/Frameworks @loader_path/Frameworks";
				PRODUCT_BUNDLE_IDENTIFIER = com.YL.BlockDemoUITests;
				PRODUCT_NAME = "$(TARGET_NAME)";
				TARGETED_DEVICE_FAMILY = "1,2";
				TEST_TARGET_NAME = BlockDemo;
			};
			name = Release;
		};
/* End XCBuildConfiguration section */

/* Begin XCConfigurationList section */
		4DE47DE51FF3EBA700C70BFA /* Build configuration list for PBXProject "BlockDemo" */ = {
			isa = XCConfigurationList;
			buildConfigurations = (
				4DE47E141FF3EBA800C70BFA /* Debug */,
				4DE47E151FF3EBA800C70BFA /* Release */,
			);
			defaultConfigurationIsVisible = 0;
			defaultConfigurationName = Release;
		};
		4DE47E161FF3EBA800C70BFA /* Build configuration list for PBXNativeTarget "BlockDemo" */ = {
			isa = XCConfigurationList;
			buildConfigurations = (
				4DE47E171FF3EBA800C70BFA /* Debug */,
				4DE47E181FF3EBA800C70BFA /* Release */,
			);
			defaultConfigurationIsVisible = 0;
			defaultConfigurationName = Release;
		};
		4DE47E191FF3EBA800C70BFA /* Build configuration list for PBXNativeTarget "BlockDemoTests" */ = {
			isa = XCConfigurationList;
			buildConfigurations = (
				4DE47E1A1FF3EBA800C70BFA /* Debug */,
				4DE47E1B1FF3EBA800C70BFA /* Release */,
			);
			defaultConfigurationIsVisible = 0;
			defaultConfigurationName = Release;
		};
		4DE47E1C1FF3EBA800C70BFA /* Build configuration list for PBXNativeTarget "BlockDemoUITests" */ = {
			isa = XCConfigurationList;
			buildConfigurations = (
				4DE47E1D1FF3EBA800C70BFA /* Debug */,
				4DE47E1E1FF3EBA800C70BFA /* Release */,
			);
			defaultConfigurationIsVisible = 0;
			defaultConfigurationName = Release;
		};
/* End XCConfigurationList section */
	};
	rootObject = 4DE47DE21FF3EBA700C70BFA /* Project object */;
}
