// !$*UTF8*$!
{
	archiveVersion = 1;
	classes = {
	};
	objectVersion = 48;
	objects = {

/* Begin PBXBuildFile section */
		4D47A87F200660690014CE1F /* AppDelegate.m in Sources */ = {isa = PBXBuildFile; fileRef = 4D47A87E200660690014CE1F /* AppDelegate.m */; };
		4D47A882200660690014CE1F /* ViewController.m in Sources */ = {isa = PBXBuildFile; fileRef = 4D47A881200660690014CE1F /* ViewController.m */; settings = {COMPILER_FLAGS = "-fno-objc-arc"; }; };
		4D47A885200660690014CE1F /* Main.storyboard in Resources */ = {isa = PBXBuildFile; fileRef = 4D47A883200660690014CE1F /* Main.storyboard */; };
		4D47A887200660690014CE1F /* Assets.xcassets in Resources */ = {isa = PBXBuildFile; fileRef = 4D47A886200660690014CE1F /* Assets.xcassets */; };
		4D47A88A200660690014CE1F /* LaunchScreen.storyboard in Resources */ = {isa = PBXBuildFile; fileRef = 4D47A888200660690014CE1F /* LaunchScreen.storyboard */; };
		4D47A88D200660690014CE1F /* main.m in Sources */ = {isa = PBXBuildFile; fileRef = 4D47A88C200660690014CE1F /* main.m */; };
		4D47A8972006606A0014CE1F /* RuntimeDemoTests.m in Sources */ = {isa = PBXBuildFile; fileRef = 4D47A8962006606A0014CE1F /* RuntimeDemoTests.m */; };
		4D47A8A22006606A0014CE1F /* RuntimeDemoUITests.m in Sources */ = {isa = PBXBuildFile; fileRef = 4D47A8A12006606A0014CE1F /* RuntimeDemoUITests.m */; };
		4DB33206200BA4760011CC91 /* MyClass.m in Sources */ = {isa = PBXBuildFile; fileRef = 4DB33205200BA4760011CC91 /* MyClass.m */; };
		4DB332702018D00A0011CC91 /* SUTRuntimeMethod.m in Sources */ = {isa = PBXBuildFile; fileRef = 4DB3326F2018D00A0011CC91 /* SUTRuntimeMethod.m */; };
		4DB332732018D7CD0011CC91 /* UIViewController+Tracking.m in Sources */ = {isa = PBXBuildFile; fileRef = 4DB332722018D7CD0011CC91 /* UIViewController+Tracking.m */; };
		4DB33276201A1D2D0011CC91 /* RuntimeCategoryClass.m in Sources */ = {isa = PBXBuildFile; fileRef = 4DB33275201A1D2D0011CC91 /* RuntimeCategoryClass.m */; };
		4DB33279201A1D850011CC91 /* RuntimeCategoryClass+Category.m in Sources */ = {isa = PBXBuildFile; fileRef = 4DB33278201A1D850011CC91 /* RuntimeCategoryClass+Category.m */; };
/* End PBXBuildFile section */

/* Begin PBXContainerItemProxy section */
		4D47A8932006606A0014CE1F /* PBXContainerItemProxy */ = {
			isa = PBXContainerItemProxy;
			containerPortal = 4D47A872200660690014CE1F /* Project object */;
			proxyType = 1;
			remoteGlobalIDString = 4D47A879200660690014CE1F;
			remoteInfo = RuntimeDemo;
		};
		4D47A89E2006606A0014CE1F /* PBXContainerItemProxy */ = {
			isa = PBXContainerItemProxy;
			containerPortal = 4D47A872200660690014CE1F /* Project object */;
			proxyType = 1;
			remoteGlobalIDString = 4D47A879200660690014CE1F;
			remoteInfo = RuntimeDemo;
		};
/* End PBXContainerItemProxy section */

/* Begin PBXFileReference section */
		4D47A87A200660690014CE1F /* RuntimeDemo.app */ = {isa = PBXFileReference; explicitFileType = wrapper.application; includeInIndex = 0; path = RuntimeDemo.app; sourceTree = BUILT_PRODUCTS_DIR; };
		4D47A87D200660690014CE1F /* AppDelegate.h */ = {isa = PBXFileReference; lastKnownFileType = sourcecode.c.h; path = AppDelegate.h; sourceTree = "<group>"; };
		4D47A87E200660690014CE1F /* AppDelegate.m */ = {isa = PBXFileReference; lastKnownFileType = sourcecode.c.objc; path = AppDelegate.m; sourceTree = "<group>"; };
		4D47A880200660690014CE1F /* ViewController.h */ = {isa = PBXFileReference; lastKnownFileType = sourcecode.c.h; path = ViewController.h; sourceTree = "<group>"; };
		4D47A881200660690014CE1F /* ViewController.m */ = {isa = PBXFileReference; lastKnownFileType = sourcecode.c.objc; path = ViewController.m; sourceTree = "<group>"; };
		4D47A884200660690014CE1F /* Base */ = {isa = PBXFileReference; lastKnownFileType = file.storyboard; name = Base; path = Base.lproj/Main.storyboard; sourceTree = "<group>"; };
		4D47A886200660690014CE1F /* Assets.xcassets */ = {isa = PBXFileReference; lastKnownFileType = folder.assetcatalog; path = Assets.xcassets; sourceTree = "<group>"; };
		4D47A889200660690014CE1F /* Base */ = {isa = PBXFileReference; lastKnownFileType = file.storyboard; name = Base; path = Base.lproj/LaunchScreen.storyboard; sourceTree = "<group>"; };
		4D47A88B200660690014CE1F /* Info.plist */ = {isa = PBXFileReference; lastKnownFileType = text.plist.xml; path = Info.plist; sourceTree = "<group>"; };
		4D47A88C200660690014CE1F /* main.m */ = {isa = PBXFileReference; lastKnownFileType = sourcecode.c.objc; path = main.m; sourceTree = "<group>"; };
		4D47A8922006606A0014CE1F /* RuntimeDemoTests.xctest */ = {isa = PBXFileReference; explicitFileType = wrapper.cfbundle; includeInIndex = 0; path = RuntimeDemoTests.xctest; sourceTree = BUILT_PRODUCTS_DIR; };
		4D47A8962006606A0014CE1F /* RuntimeDemoTests.m */ = {isa = PBXFileReference; lastKnownFileType = sourcecode.c.objc; path = RuntimeDemoTests.m; sourceTree = "<group>"; };
		4D47A8982006606A0014CE1F /* Info.plist */ = {isa = PBXFileReference; lastKnownFileType = text.plist.xml; path = Info.plist; sourceTree = "<group>"; };
		4D47A89D2006606A0014CE1F /* RuntimeDemoUITests.xctest */ = {isa = PBXFileReference; explicitFileType = wrapper.cfbundle; includeInIndex = 0; path = RuntimeDemoUITests.xctest; sourceTree = BUILT_PRODUCTS_DIR; };
		4D47A8A12006606A0014CE1F /* RuntimeDemoUITests.m */ = {isa = PBXFileReference; lastKnownFileType = sourcecode.c.objc; path = RuntimeDemoUITests.m; sourceTree = "<group>"; };
		4D47A8A32006606A0014CE1F /* Info.plist */ = {isa = PBXFileReference; lastKnownFileType = text.plist.xml; path = Info.plist; sourceTree = "<group>"; };
		4DB33204200BA4760011CC91 /* MyClass.h */ = {isa = PBXFileReference; lastKnownFileType = sourcecode.c.h; path = MyClass.h; sourceTree = "<group>"; };
		4DB33205200BA4760011CC91 /* MyClass.m */ = {isa = PBXFileReference; lastKnownFileType = sourcecode.c.objc; path = MyClass.m; sourceTree = "<group>"; };
		4DB3326E2018D00A0011CC91 /* SUTRuntimeMethod.h */ = {isa = PBXFileReference; lastKnownFileType = sourcecode.c.h; path = SUTRuntimeMethod.h; sourceTree = "<group>"; };
		4DB3326F2018D00A0011CC91 /* SUTRuntimeMethod.m */ = {isa = PBXFileReference; lastKnownFileType = sourcecode.c.objc; path = SUTRuntimeMethod.m; sourceTree = "<group>"; };
		4DB332712018D7CD0011CC91 /* UIViewController+Tracking.h */ = {isa = PBXFileReference; lastKnownFileType = sourcecode.c.h; path = "UIViewController+Tracking.h"; sourceTree = "<group>"; };
		4DB332722018D7CD0011CC91 /* UIViewController+Tracking.m */ = {isa = PBXFileReference; lastKnownFileType = sourcecode.c.objc; path = "UIViewController+Tracking.m"; sourceTree = "<group>"; };
		4DB33274201A1D2D0011CC91 /* RuntimeCategoryClass.h */ = {isa = PBXFileReference; lastKnownFileType = sourcecode.c.h; path = RuntimeCategoryClass.h; sourceTree = "<group>"; };
		4DB33275201A1D2D0011CC91 /* RuntimeCategoryClass.m */ = {isa = PBXFileReference; lastKnownFileType = sourcecode.c.objc; path = RuntimeCategoryClass.m; sourceTree = "<group>"; };
		4DB33277201A1D850011CC91 /* RuntimeCategoryClass+Category.h */ = {isa = PBXFileReference; lastKnownFileType = sourcecode.c.h; path = "RuntimeCategoryClass+Category.h"; sourceTree = "<group>"; };
		4DB33278201A1D850011CC91 /* RuntimeCategoryClass+Category.m */ = {isa = PBXFileReference; lastKnownFileType = sourcecode.c.objc; path = "RuntimeCategoryClass+Category.m"; sourceTree = "<group>"; };
/* End PBXFileReference section */

/* Begin PBXFrameworksBuildPhase section */
		4D47A877200660690014CE1F /* Frameworks */ = {
			isa = PBXFrameworksBuildPhase;
			buildActionMask = 2147483647;
			files = (
			);
			runOnlyForDeploymentPostprocessing = 0;
		};
		4D47A88F2006606A0014CE1F /* Frameworks */ = {
			isa = PBXFrameworksBuildPhase;
			buildActionMask = 2147483647;
			files = (
			);
			runOnlyForDeploymentPostprocessing = 0;
		};
		4D47A89A2006606A0014CE1F /* Frameworks */ = {
			isa = PBXFrameworksBuildPhase;
			buildActionMask = 2147483647;
			files = (
			);
			runOnlyForDeploymentPostprocessing = 0;
		};
/* End PBXFrameworksBuildPhase section */

/* Begin PBXGroup section */
		4D47A871200660690014CE1F = {
			isa = PBXGroup;
			children = (
				4D47A87C200660690014CE1F /* RuntimeDemo */,
				4D47A8952006606A0014CE1F /* RuntimeDemoTests */,
				4D47A8A02006606A0014CE1F /* RuntimeDemoUITests */,
				4D47A87B200660690014CE1F /* Products */,
			);
			sourceTree = "<group>";
		};
		4D47A87B200660690014CE1F /* Products */ = {
			isa = PBXGroup;
			children = (
				4D47A87A200660690014CE1F /* RuntimeDemo.app */,
				4D47A8922006606A0014CE1F /* RuntimeDemoTests.xctest */,
				4D47A89D2006606A0014CE1F /* RuntimeDemoUITests.xctest */,
			);
			name = Products;
			sourceTree = "<group>";
		};
		4D47A87C200660690014CE1F /* RuntimeDemo */ = {
			isa = PBXGroup;
			children = (
				4D47A87D200660690014CE1F /* AppDelegate.h */,
				4D47A87E200660690014CE1F /* AppDelegate.m */,
				4D47A880200660690014CE1F /* ViewController.h */,
				4D47A881200660690014CE1F /* ViewController.m */,
				4DB332712018D7CD0011CC91 /* UIViewController+Tracking.h */,
				4DB332722018D7CD0011CC91 /* UIViewController+Tracking.m */,
				4DB33204200BA4760011CC91 /* MyClass.h */,
				4DB33205200BA4760011CC91 /* MyClass.m */,
				4DB3326E2018D00A0011CC91 /* SUTRuntimeMethod.h */,
				4DB3326F2018D00A0011CC91 /* SUTRuntimeMethod.m */,
				4DB33274201A1D2D0011CC91 /* RuntimeCategoryClass.h */,
				4DB33275201A1D2D0011CC91 /* RuntimeCategoryClass.m */,
				4DB33277201A1D850011CC91 /* RuntimeCategoryClass+Category.h */,
				4DB33278201A1D850011CC91 /* RuntimeCategoryClass+Category.m */,
				4D47A883200660690014CE1F /* Main.storyboard */,
				4D47A886200660690014CE1F /* Assets.xcassets */,
				4D47A888200660690014CE1F /* LaunchScreen.storyboard */,
				4D47A88B200660690014CE1F /* Info.plist */,
				4D47A88C200660690014CE1F /* main.m */,
			);
			path = RuntimeDemo;
			sourceTree = "<group>";
		};
		4D47A8952006606A0014CE1F /* RuntimeDemoTests */ = {
			isa = PBXGroup;
			children = (
				4D47A8962006606A0014CE1F /* RuntimeDemoTests.m */,
				4D47A8982006606A0014CE1F /* Info.plist */,
			);
			path = RuntimeDemoTests;
			sourceTree = "<group>";
		};
		4D47A8A02006606A0014CE1F /* RuntimeDemoUITests */ = {
			isa = PBXGroup;
			children = (
				4D47A8A12006606A0014CE1F /* RuntimeDemoUITests.m */,
				4D47A8A32006606A0014CE1F /* Info.plist */,
			);
			path = RuntimeDemoUITests;
			sourceTree = "<group>";
		};
/* End PBXGroup section */

/* Begin PBXNativeTarget section */
		4D47A879200660690014CE1F /* RuntimeDemo */ = {
			isa = PBXNativeTarget;
			buildConfigurationList = 4D47A8A62006606A0014CE1F /* Build configuration list for PBXNativeTarget "RuntimeDemo" */;
			buildPhases = (
				4D47A876200660690014CE1F /* Sources */,
				4D47A877200660690014CE1F /* Frameworks */,
				4D47A878200660690014CE1F /* Resources */,
			);
			buildRules = (
			);
			dependencies = (
			);
			name = RuntimeDemo;
			productName = RuntimeDemo;
			productReference = 4D47A87A200660690014CE1F /* RuntimeDemo.app */;
			productType = "com.apple.product-type.application";
		};
		4D47A8912006606A0014CE1F /* RuntimeDemoTests */ = {
			isa = PBXNativeTarget;
			buildConfigurationList = 4D47A8A92006606A0014CE1F /* Build configuration list for PBXNativeTarget "RuntimeDemoTests" */;
			buildPhases = (
				4D47A88E2006606A0014CE1F /* Sources */,
				4D47A88F2006606A0014CE1F /* Frameworks */,
				4D47A8902006606A0014CE1F /* Resources */,
			);
			buildRules = (
			);
			dependencies = (
				4D47A8942006606A0014CE1F /* PBXTargetDependency */,
			);
			name = RuntimeDemoTests;
			productName = RuntimeDemoTests;
			productReference = 4D47A8922006606A0014CE1F /* RuntimeDemoTests.xctest */;
			productType = "com.apple.product-type.bundle.unit-test";
		};
		4D47A89C2006606A0014CE1F /* RuntimeDemoUITests */ = {
			isa = PBXNativeTarget;
			buildConfigurationList = 4D47A8AC2006606A0014CE1F /* Build configuration list for PBXNativeTarget "RuntimeDemoUITests" */;
			buildPhases = (
				4D47A8992006606A0014CE1F /* Sources */,
				4D47A89A2006606A0014CE1F /* Frameworks */,
				4D47A89B2006606A0014CE1F /* Resources */,
			);
			buildRules = (
			);
			dependencies = (
				4D47A89F2006606A0014CE1F /* PBXTargetDependency */,
			);
			name = RuntimeDemoUITests;
			productName = RuntimeDemoUITests;
			productReference = 4D47A89D2006606A0014CE1F /* RuntimeDemoUITests.xctest */;
			productType = "com.apple.product-type.bundle.ui-testing";
		};
/* End PBXNativeTarget section */

/* Begin PBXProject section */
		4D47A872200660690014CE1F /* Project object */ = {
			isa = PBXProject;
			attributes = {
				LastUpgradeCheck = 0920;
				ORGANIZATIONNAME = YL;
				TargetAttributes = {
					4D47A879200660690014CE1F = {
						CreatedOnToolsVersion = 9.2;
						ProvisioningStyle = Automatic;
					};
					4D47A8912006606A0014CE1F = {
						CreatedOnToolsVersion = 9.2;
						ProvisioningStyle = Automatic;
						TestTargetID = 4D47A879200660690014CE1F;
					};
					4D47A89C2006606A0014CE1F = {
						CreatedOnToolsVersion = 9.2;
						ProvisioningStyle = Automatic;
						TestTargetID = 4D47A879200660690014CE1F;
					};
				};
			};
			buildConfigurationList = 4D47A875200660690014CE1F /* Build configuration list for PBXProject "RuntimeDemo" */;
			compatibilityVersion = "Xcode 8.0";
			developmentRegion = en;
			hasScannedForEncodings = 0;
			knownRegions = (
				en,
				Base,
			);
			mainGroup = 4D47A871200660690014CE1F;
			productRefGroup = 4D47A87B200660690014CE1F /* Products */;
			projectDirPath = "";
			projectRoot = "";
			targets = (
				4D47A879200660690014CE1F /* RuntimeDemo */,
				4D47A8912006606A0014CE1F /* RuntimeDemoTests */,
				4D47A89C2006606A0014CE1F /* RuntimeDemoUITests */,
			);
		};
/* End PBXProject section */

/* Begin PBXResourcesBuildPhase section */
		4D47A878200660690014CE1F /* Resources */ = {
			isa = PBXResourcesBuildPhase;
			buildActionMask = 2147483647;
			files = (
				4D47A88A200660690014CE1F /* LaunchScreen.storyboard in Resources */,
				4D47A887200660690014CE1F /* Assets.xcassets in Resources */,
				4D47A885200660690014CE1F /* Main.storyboard in Resources */,
			);
			runOnlyForDeploymentPostprocessing = 0;
		};
		4D47A8902006606A0014CE1F /* Resources */ = {
			isa = PBXResourcesBuildPhase;
			buildActionMask = 2147483647;
			files = (
			);
			runOnlyForDeploymentPostprocessing = 0;
		};
		4D47A89B2006606A0014CE1F /* Resources */ = {
			isa = PBXResourcesBuildPhase;
			buildActionMask = 2147483647;
			files = (
			);
			runOnlyForDeploymentPostprocessing = 0;
		};
/* End PBXResourcesBuildPhase section */

/* Begin PBXSourcesBuildPhase section */
		4D47A876200660690014CE1F /* Sources */ = {
			isa = PBXSourcesBuildPhase;
			buildActionMask = 2147483647;
			files = (
				4DB332702018D00A0011CC91 /* SUTRuntimeMethod.m in Sources */,
				4DB33206200BA4760011CC91 /* MyClass.m in Sources */,
				4D47A882200660690014CE1F /* ViewController.m in Sources */,
				4DB33279201A1D850011CC91 /* RuntimeCategoryClass+Category.m in Sources */,
				4D47A88D200660690014CE1F /* main.m in Sources */,
				4DB33276201A1D2D0011CC91 /* RuntimeCategoryClass.m in Sources */,
				4D47A87F200660690014CE1F /* AppDelegate.m in Sources */,
				4DB332732018D7CD0011CC91 /* UIViewController+Tracking.m in Sources */,
			);
			runOnlyForDeploymentPostprocessing = 0;
		};
		4D47A88E2006606A0014CE1F /* Sources */ = {
			isa = PBXSourcesBuildPhase;
			buildActionMask = 2147483647;
			files = (
				4D47A8972006606A0014CE1F /* RuntimeDemoTests.m in Sources */,
			);
			runOnlyForDeploymentPostprocessing = 0;
		};
		4D47A8992006606A0014CE1F /* Sources */ = {
			isa = PBXSourcesBuildPhase;
			buildActionMask = 2147483647;
			files = (
				4D47A8A22006606A0014CE1F /* RuntimeDemoUITests.m in Sources */,
			);
			runOnlyForDeploymentPostprocessing = 0;
		};
/* End PBXSourcesBuildPhase section */

/* Begin PBXTargetDependency section */
		4D47A8942006606A0014CE1F /* PBXTargetDependency */ = {
			isa = PBXTargetDependency;
			target = 4D47A879200660690014CE1F /* RuntimeDemo */;
			targetProxy = 4D47A8932006606A0014CE1F /* PBXContainerItemProxy */;
		};
		4D47A89F2006606A0014CE1F /* PBXTargetDependency */ = {
			isa = PBXTargetDependency;
			target = 4D47A879200660690014CE1F /* RuntimeDemo */;
			targetProxy = 4D47A89E2006606A0014CE1F /* PBXContainerItemProxy */;
		};
/* End PBXTargetDependency section */

/* Begin PBXVariantGroup section */
		4D47A883200660690014CE1F /* Main.storyboard */ = {
			isa = PBXVariantGroup;
			children = (
				4D47A884200660690014CE1F /* Base */,
			);
			name = Main.storyboard;
			sourceTree = "<group>";
		};
		4D47A888200660690014CE1F /* LaunchScreen.storyboard */ = {
			isa = PBXVariantGroup;
			children = (
				4D47A889200660690014CE1F /* Base */,
			);
			name = LaunchScreen.storyboard;
			sourceTree = "<group>";
		};
/* End PBXVariantGroup section */

/* Begin XCBuildConfiguration section */
		4D47A8A42006606A0014CE1F /* Debug */ = {
			isa = XCBuildConfiguration;
			buildSettings = {
				ALWAYS_SEARCH_USER_PATHS = NO;
				CLANG_ANALYZER_NONNULL = YES;
				CLANG_ANALYZER_NUMBER_OBJECT_CONVERSION = YES_AGGRESSIVE;
				CLANG_CXX_LANGUAGE_STANDARD = "gnu++14";
				CLANG_CXX_LIBRARY = "libc++";
				CLANG_ENABLE_MODULES = YES;
				CLANG_ENABLE_OBJC_ARC = YES;
				CLANG_WARN_BLOCK_CAPTURE_AUTORELEASING = YES;
				CLANG_WARN_BOOL_CONVERSION = YES;
				CLANG_WARN_COMMA = YES;
				CLANG_WARN_CONSTANT_CONVERSION = YES;
				CLANG_WARN_DIRECT_OBJC_ISA_USAGE = YES_ERROR;
				CLANG_WARN_DOCUMENTATION_COMMENTS = YES;
				CLANG_WARN_EMPTY_BODY = YES;
				CLANG_WARN_ENUM_CONVERSION = YES;
				CLANG_WARN_INFINITE_RECURSION = YES;
				CLANG_WARN_INT_CONVERSION = YES;
				CLANG_WARN_NON_LITERAL_NULL_CONVERSION = YES;
				CLANG_WARN_OBJC_LITERAL_CONVERSION = YES;
				CLANG_WARN_OBJC_ROOT_CLASS = YES_ERROR;
				CLANG_WARN_RANGE_LOOP_ANALYSIS = YES;
				CLANG_WARN_STRICT_PROTOTYPES = YES;
				CLANG_WARN_SUSPICIOUS_MOVE = YES;
				CLANG_WARN_UNGUARDED_AVAILABILITY = YES_AGGRESSIVE;
				CLANG_WARN_UNREACHABLE_CODE = YES;
				CLANG_WARN__DUPLICATE_METHOD_MATCH = YES;
				CODE_SIGN_IDENTITY = "iPhone Developer";
				COPY_PHASE_STRIP = NO;
				DEBUG_INFORMATION_FORMAT = dwarf;
				ENABLE_STRICT_OBJC_MSGSEND = YES;
				ENABLE_TESTABILITY = YES;
				GCC_C_LANGUAGE_STANDARD = gnu11;
				GCC_DYNAMIC_NO_PIC = NO;
				GCC_NO_COMMON_BLOCKS = YES;
				GCC_OPTIMIZATION_LEVEL = 0;
				GCC_PREPROCESSOR_DEFINITIONS = (
					"DEBUG=1",
					"$(inherited)",
				);
				GCC_WARN_64_TO_32_BIT_CONVERSION = YES;
				GCC_WARN_ABOUT_RETURN_TYPE = YES_ERROR;
				GCC_WARN_UNDECLARED_SELECTOR = YES;
				GCC_WARN_UNINITIALIZED_AUTOS = YES_AGGRESSIVE;
				GCC_WARN_UNUSED_FUNCTION = YES;
				GCC_WARN_UNUSED_VARIABLE = YES;
				IPHONEOS_DEPLOYMENT_TARGET = 11.2;
				MTL_ENABLE_DEBUG_INFO = YES;
				ONLY_ACTIVE_ARCH = YES;
				SDKROOT = iphoneos;
			};
			name = Debug;
		};
		4D47A8A52006606A0014CE1F /* Release */ = {
			isa = XCBuildConfiguration;
			buildSettings = {
				ALWAYS_SEARCH_USER_PATHS = NO;
				CLANG_ANALYZER_NONNULL = YES;
				CLANG_ANALYZER_NUMBER_OBJECT_CONVERSION = YES_AGGRESSIVE;
				CLANG_CXX_LANGUAGE_STANDARD = "gnu++14";
				CLANG_CXX_LIBRARY = "libc++";
				CLANG_ENABLE_MODULES = YES;
				CLANG_ENABLE_OBJC_ARC = YES;
				CLANG_WARN_BLOCK_CAPTURE_AUTORELEASING = YES;
				CLANG_WARN_BOOL_CONVERSION = YES;
				CLANG_WARN_COMMA = YES;
				CLANG_WARN_CONSTANT_CONVERSION = YES;
				CLANG_WARN_DIRECT_OBJC_ISA_USAGE = YES_ERROR;
				CLANG_WARN_DOCUMENTATION_COMMENTS = YES;
				CLANG_WARN_EMPTY_BODY = YES;
				CLANG_WARN_ENUM_CONVERSION = YES;
				CLANG_WARN_INFINITE_RECURSION = YES;
				CLANG_WARN_INT_CONVERSION = YES;
				CLANG_WARN_NON_LITERAL_NULL_CONVERSION = YES;
				CLANG_WARN_OBJC_LITERAL_CONVERSION = YES;
				CLANG_WARN_OBJC_ROOT_CLASS = YES_ERROR;
				CLANG_WARN_RANGE_LOOP_ANALYSIS = YES;
				CLANG_WARN_STRICT_PROTOTYPES = YES;
				CLANG_WARN_SUSPICIOUS_MOVE = YES;
				CLANG_WARN_UNGUARDED_AVAILABILITY = YES_AGGRESSIVE;
				CLANG_WARN_UNREACHABLE_CODE = YES;
				CLANG_WARN__DUPLICATE_METHOD_MATCH = YES;
				CODE_SIGN_IDENTITY = "iPhone Developer";
				COPY_PHASE_STRIP = NO;
				DEBUG_INFORMATION_FORMAT = "dwarf-with-dsym";
				ENABLE_NS_ASSERTIONS = NO;
				ENABLE_STRICT_OBJC_MSGSEND = YES;
				GCC_C_LANGUAGE_STANDARD = gnu11;
				GCC_NO_COMMON_BLOCKS = YES;
				GCC_WARN_64_TO_32_BIT_CONVERSION = YES;
				GCC_WARN_ABOUT_RETURN_TYPE = YES_ERROR;
				GCC_WARN_UNDECLARED_SELECTOR = YES;
				GCC_WARN_UNINITIALIZED_AUTOS = YES_AGGRESSIVE;
				GCC_WARN_UNUSED_FUNCTION = YES;
				GCC_WARN_UNUSED_VARIABLE = YES;
				IPHONEOS_DEPLOYMENT_TARGET = 11.2;
				MTL_ENABLE_DEBUG_INFO = NO;
				SDKROOT = iphoneos;
				VALIDATE_PRODUCT = YES;
			};
			name = Release;
		};
		4D47A8A72006606A0014CE1F /* Debug */ = {
			isa = XCBuildConfiguration;
			buildSettings = {
				ASSETCATALOG_COMPILER_APPICON_NAME = AppIcon;
				CODE_SIGN_STYLE = Automatic;
				INFOPLIST_FILE = RuntimeDemo/Info.plist;
				LD_RUNPATH_SEARCH_PATHS = "$(inherited) @executable_path/Frameworks";
				PRODUCT_BUNDLE_IDENTIFIER = com.YL.RuntimeDemo;
				PRODUCT_NAME = "$(TARGET_NAME)";
				TARGETED_DEVICE_FAMILY = "1,2";
			};
			name = Debug;
		};
		4D47A8A82006606A0014CE1F /* Release */ = {
			isa = XCBuildConfiguration;
			buildSettings = {
				ASSETCATALOG_COMPILER_APPICON_NAME = AppIcon;
				CODE_SIGN_STYLE = Automatic;
				INFOPLIST_FILE = RuntimeDemo/Info.plist;
				LD_RUNPATH_SEARCH_PATHS = "$(inherited) @executable_path/Frameworks";
				PRODUCT_BUNDLE_IDENTIFIER = com.YL.RuntimeDemo;
				PRODUCT_NAME = "$(TARGET_NAME)";
				TARGETED_DEVICE_FAMILY = "1,2";
			};
			name = Release;
		};
		4D47A8AA2006606A0014CE1F /* Debug */ = {
			isa = XCBuildConfiguration;
			buildSettings = {
				BUNDLE_LOADER = "$(TEST_HOST)";
				CODE_SIGN_STYLE = Automatic;
				INFOPLIST_FILE = RuntimeDemoTests/Info.plist;
				LD_RUNPATH_SEARCH_PATHS = "$(inherited) @executable_path/Frameworks @loader_path/Frameworks";
				PRODUCT_BUNDLE_IDENTIFIER = com.YL.RuntimeDemoTests;
				PRODUCT_NAME = "$(TARGET_NAME)";
				TARGETED_DEVICE_FAMILY = "1,2";
				TEST_HOST = "$(BUILT_PRODUCTS_DIR)/RuntimeDemo.app/RuntimeDemo";
			};
			name = Debug;
		};
		4D47A8AB2006606A0014CE1F /* Release */ = {
			isa = XCBuildConfiguration;
			buildSettings = {
				BUNDLE_LOADER = "$(TEST_HOST)";
				CODE_SIGN_STYLE = Automatic;
				INFOPLIST_FILE = RuntimeDemoTests/Info.plist;
				LD_RUNPATH_SEARCH_PATHS = "$(inherited) @executable_path/Frameworks @loader_path/Frameworks";
				PRODUCT_BUNDLE_IDENTIFIER = com.YL.RuntimeDemoTests;
				PRODUCT_NAME = "$(TARGET_NAME)";
				TARGETED_DEVICE_FAMILY = "1,2";
				TEST_HOST = "$(BUILT_PRODUCTS_DIR)/RuntimeDemo.app/RuntimeDemo";
			};
			name = Release;
		};
		4D47A8AD2006606A0014CE1F /* Debug */ = {
			isa = XCBuildConfiguration;
			buildSettings = {
				CODE_SIGN_STYLE = Automatic;
				INFOPLIST_FILE = RuntimeDemoUITests/Info.plist;
				LD_RUNPATH_SEARCH_PATHS = "$(inherited) @executable_path/Frameworks @loader_path/Frameworks";
				PRODUCT_BUNDLE_IDENTIFIER = com.YL.RuntimeDemoUITests;
				PRODUCT_NAME = "$(TARGET_NAME)";
				TARGETED_DEVICE_FAMILY = "1,2";
				TEST_TARGET_NAME = RuntimeDemo;
			};
			name = Debug;
		};
		4D47A8AE2006606A0014CE1F /* Release */ = {
			isa = XCBuildConfiguration;
			buildSettings = {
				CODE_SIGN_STYLE = Automatic;
				INFOPLIST_FILE = RuntimeDemoUITests/Info.plist;
				LD_RUNPATH_SEARCH_PATHS = "$(inherited) @executable_path/Frameworks @loader_path/Frameworks";
				PRODUCT_BUNDLE_IDENTIFIER = com.YL.RuntimeDemoUITests;
				PRODUCT_NAME = "$(TARGET_NAME)";
				TARGETED_DEVICE_FAMILY = "1,2";
				TEST_TARGET_NAME = RuntimeDemo;
			};
			name = Release;
		};
/* End XCBuildConfiguration section */

/* Begin XCConfigurationList section */
		4D47A875200660690014CE1F /* Build configuration list for PBXProject "RuntimeDemo" */ = {
			isa = XCConfigurationList;
			buildConfigurations = (
				4D47A8A42006606A0014CE1F /* Debug */,
				4D47A8A52006606A0014CE1F /* Release */,
			);
			defaultConfigurationIsVisible = 0;
			defaultConfigurationName = Release;
		};
		4D47A8A62006606A0014CE1F /* Build configuration list for PBXNativeTarget "RuntimeDemo" */ = {
			isa = XCConfigurationList;
			buildConfigurations = (
				4D47A8A72006606A0014CE1F /* Debug */,
				4D47A8A82006606A0014CE1F /* Release */,
			);
			defaultConfigurationIsVisible = 0;
			defaultConfigurationName = Release;
		};
		4D47A8A92006606A0014CE1F /* Build configuration list for PBXNativeTarget "RuntimeDemoTests" */ = {
			isa = XCConfigurationList;
			buildConfigurations = (
				4D47A8AA2006606A0014CE1F /* Debug */,
				4D47A8AB2006606A0014CE1F /* Release */,
			);
			defaultConfigurationIsVisible = 0;
			defaultConfigurationName = Release;
		};
		4D47A8AC2006606A0014CE1F /* Build configuration list for PBXNativeTarget "RuntimeDemoUITests" */ = {
			isa = XCConfigurationList;
			buildConfigurations = (
				4D47A8AD2006606A0014CE1F /* Debug */,
				4D47A8AE2006606A0014CE1F /* Release */,
			);
			defaultConfigurationIsVisible = 0;
			defaultConfigurationName = Release;
		};
/* End XCConfigurationList section */
	};
	rootObject = 4D47A872200660690014CE1F /* Project object */;
}
